
Microsoft Visual Studio Solution File, Format Version 12.00
# Visual Studio Version 17
VisualStudioVersion = 17.0.31903.59
MinimumVisualStudioVersion = 10.0.40219.1
Project("{9A19103F-16F7-4668-BE54-9A1E7A4F7556}") = "CleanArchitecture.Cmms.Domain", "src\CleanArchitecture.Cmms.Domain\CleanArchitecture.Cmms.Domain.csproj", "{11111111-1111-1111-1111-111111111111}"
EndProject
Project("{9A19103F-16F7-4668-BE54-9A1E7A4F7556}") = "CleanArchitecture.Cmms.Application", "src\CleanArchitecture.Cmms.Application\CleanArchitecture.Cmms.Application.csproj", "{22222222-2222-2222-2222-222222222222}"
EndProject
Project("{9A19103F-16F7-4668-BE54-9A1E7A4F7556}") = "CleanArchitecture.Cmms.Infrastructure", "src\CleanArchitecture.Cmms.Infrastructure\CleanArchitecture.Cmms.Infrastructure.csproj", "{33333333-3333-3333-3333-333333333333}"
EndProject
Project("{2150E333-8FDC-42A3-9474-1A3956D46DE8}") = "Solution Items", "Solution Items", "{42895CE2-CAA0-4351-9041-E1295BB3620C}"
	ProjectSection(SolutionItems) = preProject
		.editorconfig = .editorconfig
		docker-compose.yml = docker-compose.yml
	EndProjectSection
EndProject
Project("{FAE04EC0-301F-11D3-BF4B-00C04F79EFBC}") = "CleanArchitecture.Cmms.Api", "src\CleanArchitecture.Cmms.Api\CleanArchitecture.Cmms.Api.csproj", "{B8A177AD-4EF0-4126-A036-2F15D99FC140}"
EndProject
Project("{2150E333-8FDC-42A3-9474-1A3956D46DE8}") = "tests", "tests", "{346E28AC-5DF1-489A-9D60-BA9B92FF457F}"
EndProject
Project("{FAE04EC0-301F-11D3-BF4B-00C04F79EFBC}") = "CleanArchitecture.Cmms.Application.UnitTests", "tests\CleanArchitecture.Cmms.Application.UnitTests\CleanArchitecture.Cmms.Application.UnitTests.csproj", "{8DEC3096-5F99-4B47-8DC5-30DA1F4BD314}"
EndProject
Project("{FAE04EC0-301F-11D3-BF4B-00C04F79EFBC}") = "CleanArchitecture.Cmms.Domain.UnitTests", "tests\CleanArchitecture.Cmms.Domain.UnitTests\CleanArchitecture.Cmms.Domain.UnitTests.csproj", "{00DE466B-DAD8-41B9-A00C-D77601A4038D}"
EndProject
Project("{FAE04EC0-301F-11D3-BF4B-00C04F79EFBC}") = "CleanArchitecture.Cmms.Infrastructure.UnitTests", "tests\CleanArchitecture.Cmms.Infrastructure.UnitTests\CleanArchitecture.Cmms.Infrastructure.UnitTests.csproj", "{CB1652F1-245F-4AC5-B23D-F5EE13B5B2CE}"
EndProject
Project("{FAE04EC0-301F-11D3-BF4B-00C04F79EFBC}") = "CleanArchitecture.Outbox", "src\outbox\CleanArchitecture.Outbox\CleanArchitecture.Outbox.csproj", "{56A2213B-4167-4FDF-A97C-27AF925EEEEA}"
EndProject
Project("{FAE04EC0-301F-11D3-BF4B-00C04F79EFBC}") = "CleanArchitecture.Outbox.Abstractions", "src\outbox\CleanArchitecture.Outbox.Abstractions\CleanArchitecture.Outbox.Abstractions.csproj", "{22DBD8B1-A97F-43A0-984E-710D7D00A949}"
EndProject
Project("{2150E333-8FDC-42A3-9474-1A3956D46DE8}") = "core", "core", "{0FDC867A-8694-44E2-AAF4-D183CCBFC5A0}"
	ProjectSection(SolutionItems) = preProject
		src\core\Directory.Build.props = src\core\Directory.Build.props
	EndProjectSection
EndProject
Project("{FAE04EC0-301F-11D3-BF4B-00C04F79EFBC}") = "CleanArchitecture.Core.Domain", "src\core\CleanArchitecture.Core.Domain\CleanArchitecture.Core.Domain.csproj", "{F7BFAC4A-9454-4ECC-BFDB-E049CED47F6D}"
EndProject
Project("{FAE04EC0-301F-11D3-BF4B-00C04F79EFBC}") = "CleanArchitecture.Core.Application", "src\core\CleanArchitecture.Core.Application\CleanArchitecture.Core.Application.csproj", "{8444FE07-6578-4656-B540-B8BE822C4300}"
EndProject
Project("{2150E333-8FDC-42A3-9474-1A3956D46DE8}") = "outbox", "outbox", "{515A4A8F-DA10-4E85-9A9C-C5B095B67CA3}"
EndProject
Project("{FAE04EC0-301F-11D3-BF4B-00C04F79EFBC}") = "CleanArchitecture.Cmms.IntegrationTests", "tests\CleanArchitecture.Cmms.IntegrationTests\CleanArchitecture.Cmms.IntegrationTests.csproj", "{0604A70A-E517-469E-8F51-84FCC4B70375}"
EndProject
Project("{2150E333-8FDC-42A3-9474-1A3956D46DE8}") = "tests", "tests", "{6DEFD62B-4068-42DA-880E-65783FF9A452}"
EndProject
Project("{FAE04EC0-301F-11D3-BF4B-00C04F79EFBC}") = "CleanArchitecture.Outbox.IntegrationTests", "src\outbox\tests\CleanArchitecture.Outbox.IntegrationTests\CleanArchitecture.Outbox.IntegrationTests.csproj", "{DC1A5CF6-CC8D-4DCF-B491-6E0053DE208C}"
EndProject
Project("{FAE04EC0-301F-11D3-BF4B-00C04F79EFBC}") = "CleanArchitecture.Core.Infrastructure", "src\core\CleanArchitecture.Core.Infrastructure\CleanArchitecture.Core.Infrastructure.csproj", "{69D29169-3EF4-4AE2-8372-D67AD029939E}"
EndProject
Project("{2150E333-8FDC-42A3-9474-1A3956D46DE8}") = "tests", "tests", "{1D08A0CC-733B-4191-9602-1669DC132D55}"
EndProject
Project("{FAE04EC0-301F-11D3-BF4B-00C04F79EFBC}") = "CleanArchitecture.Core.ArchitectureTests", "src\core\tests\CleanArchitecture.Core.ArchitectureTests\CleanArchitecture.Core.ArchitectureTests.csproj", "{6F5EA886-F2C8-45A1-A7A9-B7AA1A9EF84A}"
EndProject
Global
	GlobalSection(SolutionConfigurationPlatforms) = preSolution
		Debug|Any CPU = Debug|Any CPU
		Release|Any CPU = Release|Any CPU
	EndGlobalSection
	GlobalSection(ProjectConfigurationPlatforms) = postSolution
		{11111111-1111-1111-1111-111111111111}.Debug|Any CPU.ActiveCfg = Debug|Any CPU
		{11111111-1111-1111-1111-111111111111}.Debug|Any CPU.Build.0 = Debug|Any CPU
		{11111111-1111-1111-1111-111111111111}.Release|Any CPU.ActiveCfg = Release|Any CPU
		{11111111-1111-1111-1111-111111111111}.Release|Any CPU.Build.0 = Release|Any CPU
		{22222222-2222-2222-2222-222222222222}.Debug|Any CPU.ActiveCfg = Debug|Any CPU
		{22222222-2222-2222-2222-222222222222}.Debug|Any CPU.Build.0 = Debug|Any CPU
		{22222222-2222-2222-2222-222222222222}.Release|Any CPU.ActiveCfg = Release|Any CPU
		{22222222-2222-2222-2222-222222222222}.Release|Any CPU.Build.0 = Release|Any CPU
		{33333333-3333-3333-3333-333333333333}.Debug|Any CPU.ActiveCfg = Debug|Any CPU
		{33333333-3333-3333-3333-333333333333}.Debug|Any CPU.Build.0 = Debug|Any CPU
		{33333333-3333-3333-3333-333333333333}.Release|Any CPU.ActiveCfg = Release|Any CPU
		{33333333-3333-3333-3333-333333333333}.Release|Any CPU.Build.0 = Release|Any CPU
		{B8A177AD-4EF0-4126-A036-2F15D99FC140}.Debug|Any CPU.ActiveCfg = Debug|Any CPU
		{B8A177AD-4EF0-4126-A036-2F15D99FC140}.Debug|Any CPU.Build.0 = Debug|Any CPU
		{B8A177AD-4EF0-4126-A036-2F15D99FC140}.Release|Any CPU.ActiveCfg = Release|Any CPU
		{B8A177AD-4EF0-4126-A036-2F15D99FC140}.Release|Any CPU.Build.0 = Release|Any CPU
		{8DEC3096-5F99-4B47-8DC5-30DA1F4BD314}.Debug|Any CPU.ActiveCfg = Debug|Any CPU
		{8DEC3096-5F99-4B47-8DC5-30DA1F4BD314}.Debug|Any CPU.Build.0 = Debug|Any CPU
		{8DEC3096-5F99-4B47-8DC5-30DA1F4BD314}.Release|Any CPU.ActiveCfg = Release|Any CPU
		{8DEC3096-5F99-4B47-8DC5-30DA1F4BD314}.Release|Any CPU.Build.0 = Release|Any CPU
		{00DE466B-DAD8-41B9-A00C-D77601A4038D}.Debug|Any CPU.ActiveCfg = Debug|Any CPU
		{00DE466B-DAD8-41B9-A00C-D77601A4038D}.Debug|Any CPU.Build.0 = Debug|Any CPU
		{00DE466B-DAD8-41B9-A00C-D77601A4038D}.Release|Any CPU.ActiveCfg = Release|Any CPU
		{00DE466B-DAD8-41B9-A00C-D77601A4038D}.Release|Any CPU.Build.0 = Release|Any CPU
		{CB1652F1-245F-4AC5-B23D-F5EE13B5B2CE}.Debug|Any CPU.ActiveCfg = Debug|Any CPU
		{CB1652F1-245F-4AC5-B23D-F5EE13B5B2CE}.Debug|Any CPU.Build.0 = Debug|Any CPU
		{CB1652F1-245F-4AC5-B23D-F5EE13B5B2CE}.Release|Any CPU.ActiveCfg = Release|Any CPU
		{CB1652F1-245F-4AC5-B23D-F5EE13B5B2CE}.Release|Any CPU.Build.0 = Release|Any CPU
		{56A2213B-4167-4FDF-A97C-27AF925EEEEA}.Debug|Any CPU.ActiveCfg = Debug|Any CPU
		{56A2213B-4167-4FDF-A97C-27AF925EEEEA}.Debug|Any CPU.Build.0 = Debug|Any CPU
		{56A2213B-4167-4FDF-A97C-27AF925EEEEA}.Release|Any CPU.ActiveCfg = Release|Any CPU
		{56A2213B-4167-4FDF-A97C-27AF925EEEEA}.Release|Any CPU.Build.0 = Release|Any CPU
		{22DBD8B1-A97F-43A0-984E-710D7D00A949}.Debug|Any CPU.ActiveCfg = Debug|Any CPU
		{22DBD8B1-A97F-43A0-984E-710D7D00A949}.Debug|Any CPU.Build.0 = Debug|Any CPU
		{22DBD8B1-A97F-43A0-984E-710D7D00A949}.Release|Any CPU.ActiveCfg = Release|Any CPU
		{22DBD8B1-A97F-43A0-984E-710D7D00A949}.Release|Any CPU.Build.0 = Release|Any CPU
		{F7BFAC4A-9454-4ECC-BFDB-E049CED47F6D}.Debug|Any CPU.ActiveCfg = Debug|Any CPU
		{F7BFAC4A-9454-4ECC-BFDB-E049CED47F6D}.Debug|Any CPU.Build.0 = Debug|Any CPU
		{F7BFAC4A-9454-4ECC-BFDB-E049CED47F6D}.Release|Any CPU.ActiveCfg = Release|Any CPU
		{F7BFAC4A-9454-4ECC-BFDB-E049CED47F6D}.Release|Any CPU.Build.0 = Release|Any CPU
		{8444FE07-6578-4656-B540-B8BE822C4300}.Debug|Any CPU.ActiveCfg = Debug|Any CPU
		{8444FE07-6578-4656-B540-B8BE822C4300}.Debug|Any CPU.Build.0 = Debug|Any CPU
		{8444FE07-6578-4656-B540-B8BE822C4300}.Release|Any CPU.ActiveCfg = Release|Any CPU
		{8444FE07-6578-4656-B540-B8BE822C4300}.Release|Any CPU.Build.0 = Release|Any CPU
		{0604A70A-E517-469E-8F51-84FCC4B70375}.Debug|Any CPU.ActiveCfg = Debug|Any CPU
		{0604A70A-E517-469E-8F51-84FCC4B70375}.Debug|Any CPU.Build.0 = Debug|Any CPU
		{0604A70A-E517-469E-8F51-84FCC4B70375}.Release|Any CPU.ActiveCfg = Release|Any CPU
		{0604A70A-E517-469E-8F51-84FCC4B70375}.Release|Any CPU.Build.0 = Release|Any CPU
		{DC1A5CF6-CC8D-4DCF-B491-6E0053DE208C}.Debug|Any CPU.ActiveCfg = Debug|Any CPU
		{DC1A5CF6-CC8D-4DCF-B491-6E0053DE208C}.Debug|Any CPU.Build.0 = Debug|Any CPU
		{DC1A5CF6-CC8D-4DCF-B491-6E0053DE208C}.Release|Any CPU.ActiveCfg = Release|Any CPU
		{DC1A5CF6-CC8D-4DCF-B491-6E0053DE208C}.Release|Any CPU.Build.0 = Release|Any CPU
		{69D29169-3EF4-4AE2-8372-D67AD029939E}.Debug|Any CPU.ActiveCfg = Debug|Any CPU
		{69D29169-3EF4-4AE2-8372-D67AD029939E}.Debug|Any CPU.Build.0 = Debug|Any CPU
		{69D29169-3EF4-4AE2-8372-D67AD029939E}.Release|Any CPU.ActiveCfg = Release|Any CPU
		{69D29169-3EF4-4AE2-8372-D67AD029939E}.Release|Any CPU.Build.0 = Release|Any CPU
		{6F5EA886-F2C8-45A1-A7A9-B7AA1A9EF84A}.Debug|Any CPU.ActiveCfg = Debug|Any CPU
		{6F5EA886-F2C8-45A1-A7A9-B7AA1A9EF84A}.Debug|Any CPU.Build.0 = Debug|Any CPU
		{6F5EA886-F2C8-45A1-A7A9-B7AA1A9EF84A}.Release|Any CPU.ActiveCfg = Release|Any CPU
		{6F5EA886-F2C8-45A1-A7A9-B7AA1A9EF84A}.Release|Any CPU.Build.0 = Release|Any CPU
	EndGlobalSection
	GlobalSection(SolutionProperties) = preSolution
		HideSolutionNode = FALSE
	EndGlobalSection
	GlobalSection(NestedProjects) = preSolution
		{8DEC3096-5F99-4B47-8DC5-30DA1F4BD314} = {346E28AC-5DF1-489A-9D60-BA9B92FF457F}
		{00DE466B-DAD8-41B9-A00C-D77601A4038D} = {346E28AC-5DF1-489A-9D60-BA9B92FF457F}
		{CB1652F1-245F-4AC5-B23D-F5EE13B5B2CE} = {346E28AC-5DF1-489A-9D60-BA9B92FF457F}
		{56A2213B-4167-4FDF-A97C-27AF925EEEEA} = {515A4A8F-DA10-4E85-9A9C-C5B095B67CA3}
		{22DBD8B1-A97F-43A0-984E-710D7D00A949} = {515A4A8F-DA10-4E85-9A9C-C5B095B67CA3}
		{F7BFAC4A-9454-4ECC-BFDB-E049CED47F6D} = {0FDC867A-8694-44E2-AAF4-D183CCBFC5A0}
		{8444FE07-6578-4656-B540-B8BE822C4300} = {0FDC867A-8694-44E2-AAF4-D183CCBFC5A0}
		{0604A70A-E517-469E-8F51-84FCC4B70375} = {346E28AC-5DF1-489A-9D60-BA9B92FF457F}
		{6DEFD62B-4068-42DA-880E-65783FF9A452} = {515A4A8F-DA10-4E85-9A9C-C5B095B67CA3}
		{DC1A5CF6-CC8D-4DCF-B491-6E0053DE208C} = {6DEFD62B-4068-42DA-880E-65783FF9A452}
		{69D29169-3EF4-4AE2-8372-D67AD029939E} = {0FDC867A-8694-44E2-AAF4-D183CCBFC5A0}
		{1D08A0CC-733B-4191-9602-1669DC132D55} = {0FDC867A-8694-44E2-AAF4-D183CCBFC5A0}
		{6F5EA886-F2C8-45A1-A7A9-B7AA1A9EF84A} = {1D08A0CC-733B-4191-9602-1669DC132D55}
	EndGlobalSection
EndGlobal
